# This file is generated by running "yarn install" inside your project.
# Manual changes might be lost - proceed with caution!

__metadata:
  version: 6
  cacheKey: 8

"@angular/domino@workspace:.":
  version: 0.0.0-use.local
  resolution: "@angular/domino@workspace:."
  dependencies:
    jquery: ^3.5.1
    mocha: ^6.2.3
    should: ^13.2.3
  languageName: unknown
  linkType: soft

"ansi-colors@npm:3.2.3":
  version: 3.2.3
  resolution: "ansi-colors@npm:3.2.3"
  checksum: 018a92fbf8b143feb9e00559655072598902ff2cdfa07dbe24b933c70ae04845e3dda2c091ab128920fc50b3db06c3f09947f49fcb287d53beb6c5869b8bb32b
  languageName: node
  linkType: hard

"ansi-regex@npm:^3.0.0":
  version: 3.0.1
  resolution: "ansi-regex@npm:3.0.1"
  checksum: 09daf180c5f59af9850c7ac1bd7fda85ba596cc8cbeb210826e90755f06c818af86d9fa1e6e8322fab2c3b9e9b03f56c537b42241139f824dd75066a1e7257cc
  languageName: node
  linkType: hard

"ansi-regex@npm:^4.1.0":
  version: 4.1.1
  resolution: "ansi-regex@npm:4.1.1"
  checksum: b1a6ee44cb6ecdabaa770b2ed500542714d4395d71c7e5c25baa631f680fb2ad322eb9ba697548d498a6fd366949fc8b5bfcf48d49a32803611f648005b01888
  languageName: node
  linkType: hard

"ansi-styles@npm:^3.2.0, ansi-styles@npm:^3.2.1":
  version: 3.2.1
  resolution: "ansi-styles@npm:3.2.1"
  dependencies:
    color-convert: ^1.9.0
  checksum: d85ade01c10e5dd77b6c89f34ed7531da5830d2cb5882c645f330079975b716438cd7ebb81d0d6e6b4f9c577f19ae41ab55f07f19786b02f9dfd9e0377395665
  languageName: node
  linkType: hard

"argparse@npm:^1.0.7":
  version: 1.0.10
  resolution: "argparse@npm:1.0.10"
  dependencies:
    sprintf-js: ~1.0.2
  checksum: 7ca6e45583a28de7258e39e13d81e925cfa25d7d4aacbf806a382d3c02fcb13403a07fb8aeef949f10a7cfe4a62da0e2e807b348a5980554cc28ee573ef95945
  languageName: node
  linkType: hard

"array.prototype.reduce@npm:^1.0.5":
  version: 1.0.5
  resolution: "array.prototype.reduce@npm:1.0.5"
  dependencies:
    call-bind: ^1.0.2
    define-properties: ^1.1.4
    es-abstract: ^1.20.4
    es-array-method-boxes-properly: ^1.0.0
    is-string: ^1.0.7
  checksum: f44691395f9202aba5ec2446468d4c27209bfa81464f342ae024b7157dbf05b164e47cca01250b8c7c2a8219953fb57651cca16aab3d16f43b85c0d92c26eef3
  languageName: node
  linkType: hard

"available-typed-arrays@npm:^1.0.5":
  version: 1.0.5
  resolution: "available-typed-arrays@npm:1.0.5"
  checksum: 20eb47b3cefd7db027b9bbb993c658abd36d4edd3fe1060e83699a03ee275b0c9b216cc076ff3f2db29073225fb70e7613987af14269ac1fe2a19803ccc97f1a
  languageName: node
  linkType: hard

"balanced-match@npm:^1.0.0":
  version: 1.0.2
  resolution: "balanced-match@npm:1.0.2"
  checksum: 9706c088a283058a8a99e0bf91b0a2f75497f185980d9ffa8b304de1d9e58ebda7c72c07ebf01dadedaac5b2907b2c6f566f660d62bd336c3468e960403b9d65
  languageName: node
  linkType: hard

"brace-expansion@npm:^1.1.7":
  version: 1.1.11
  resolution: "brace-expansion@npm:1.1.11"
  dependencies:
    balanced-match: ^1.0.0
    concat-map: 0.0.1
  checksum: faf34a7bb0c3fcf4b59c7808bc5d2a96a40988addf2e7e09dfbb67a2251800e0d14cd2bfc1aa79174f2f5095c54ff27f46fb1289fe2d77dac755b5eb3434cc07
  languageName: node
  linkType: hard

"browser-stdout@npm:1.3.1":
  version: 1.3.1
  resolution: "browser-stdout@npm:1.3.1"
  checksum: b717b19b25952dd6af483e368f9bcd6b14b87740c3d226c2977a65e84666ffd67000bddea7d911f111a9b6ddc822b234de42d52ab6507bce4119a4cc003ef7b3
  languageName: node
  linkType: hard

"call-bind@npm:^1.0.0, call-bind@npm:^1.0.2":
  version: 1.0.2
  resolution: "call-bind@npm:1.0.2"
  dependencies:
    function-bind: ^1.1.1
    get-intrinsic: ^1.0.2
  checksum: f8e31de9d19988a4b80f3e704788c4a2d6b6f3d17cfec4f57dc29ced450c53a49270dc66bf0fbd693329ee948dd33e6c90a329519aef17474a4d961e8d6426b0
  languageName: node
  linkType: hard

"camelcase@npm:^5.0.0":
  version: 5.3.1
  resolution: "camelcase@npm:5.3.1"
  checksum: e6effce26b9404e3c0f301498184f243811c30dfe6d0b9051863bd8e4034d09c8c2923794f280d6827e5aa055f6c434115ff97864a16a963366fb35fd673024b
  languageName: node
  linkType: hard

"chalk@npm:^2.0.1":
  version: 2.4.2
  resolution: "chalk@npm:2.4.2"
  dependencies:
    ansi-styles: ^3.2.1
    escape-string-regexp: ^1.0.5
    supports-color: ^5.3.0
  checksum: ec3661d38fe77f681200f878edbd9448821924e0f93a9cefc0e26a33b145f1027a2084bf19967160d11e1f03bfe4eaffcabf5493b89098b2782c3fe0b03d80c2
  languageName: node
  linkType: hard

"cliui@npm:^5.0.0":
  version: 5.0.0
  resolution: "cliui@npm:5.0.0"
  dependencies:
    string-width: ^3.1.0
    strip-ansi: ^5.2.0
    wrap-ansi: ^5.1.0
  checksum: 0bb8779efe299b8f3002a73619eaa8add4081eb8d1c17bc4fedc6240557fb4eacdc08fe87c39b002eacb6cfc117ce736b362dbfd8bf28d90da800e010ee97df4
  languageName: node
  linkType: hard

"color-convert@npm:^1.9.0":
  version: 1.9.3
  resolution: "color-convert@npm:1.9.3"
  dependencies:
    color-name: 1.1.3
  checksum: fd7a64a17cde98fb923b1dd05c5f2e6f7aefda1b60d67e8d449f9328b4e53b228a428fd38bfeaeb2db2ff6b6503a776a996150b80cdf224062af08a5c8a3a203
  languageName: node
  linkType: hard

"color-name@npm:1.1.3":
  version: 1.1.3
  resolution: "color-name@npm:1.1.3"
  checksum: 09c5d3e33d2105850153b14466501f2bfb30324a2f76568a408763a3b7433b0e50e5b4ab1947868e65cb101bb7cb75029553f2c333b6d4b8138a73fcc133d69d
  languageName: node
  linkType: hard

"concat-map@npm:0.0.1":
  version: 0.0.1
  resolution: "concat-map@npm:0.0.1"
  checksum: 902a9f5d8967a3e2faf138d5cb784b9979bad2e6db5357c5b21c568df4ebe62bcb15108af1b2253744844eb964fc023fbd9afbbbb6ddd0bcc204c6fb5b7bf3af
  languageName: node
  linkType: hard

"debug@npm:3.2.6":
  version: 3.2.6
  resolution: "debug@npm:3.2.6"
  dependencies:
    ms: ^2.1.1
  checksum: 07bc8b3a13ef3cfa6c06baf7871dfb174c291e5f85dbf566f086620c16b9c1a0e93bb8f1935ebbd07a683249e7e30286f2966e2ef461e8fd17b1b60732062d6b
  languageName: node
  linkType: hard

"decamelize@npm:^1.2.0":
  version: 1.2.0
  resolution: "decamelize@npm:1.2.0"
  checksum: ad8c51a7e7e0720c70ec2eeb1163b66da03e7616d7b98c9ef43cce2416395e84c1e9548dd94f5f6ffecfee9f8b94251fc57121a8b021f2ff2469b2bae247b8aa
  languageName: node
  linkType: hard

"define-properties@npm:^1.1.2, define-properties@npm:^1.1.3, define-properties@npm:^1.1.4":
  version: 1.2.0
  resolution: "define-properties@npm:1.2.0"
  dependencies:
    has-property-descriptors: ^1.0.0
    object-keys: ^1.1.1
  checksum: e60aee6a19b102df4e2b1f301816804e81ab48bb91f00d0d935f269bf4b3f79c88b39e4f89eaa132890d23267335fd1140dfcd8d5ccd61031a0a2c41a54e33a6
  languageName: node
  linkType: hard

"diff@npm:3.5.0":
  version: 3.5.0
  resolution: "diff@npm:3.5.0"
  checksum: 00842950a6551e26ce495bdbce11047e31667deea546527902661f25cc2e73358967ebc78cf86b1a9736ec3e14286433225f9970678155753a6291c3bca5227b
  languageName: node
  linkType: hard

"emoji-regex@npm:^7.0.1":
  version: 7.0.3
  resolution: "emoji-regex@npm:7.0.3"
  checksum: 9159b2228b1511f2870ac5920f394c7e041715429a68459ebe531601555f11ea782a8e1718f969df2711d38c66268174407cbca57ce36485544f695c2dfdc96e
  languageName: node
  linkType: hard

"es-abstract@npm:^1.19.0, es-abstract@npm:^1.20.4":
  version: 1.21.1
  resolution: "es-abstract@npm:1.21.1"
  dependencies:
    available-typed-arrays: ^1.0.5
    call-bind: ^1.0.2
    es-set-tostringtag: ^2.0.1
    es-to-primitive: ^1.2.1
    function-bind: ^1.1.1
    function.prototype.name: ^1.1.5
    get-intrinsic: ^1.1.3
    get-symbol-description: ^1.0.0
    globalthis: ^1.0.3
    gopd: ^1.0.1
    has: ^1.0.3
    has-property-descriptors: ^1.0.0
    has-proto: ^1.0.1
    has-symbols: ^1.0.3
    internal-slot: ^1.0.4
    is-array-buffer: ^3.0.1
    is-callable: ^1.2.7
    is-negative-zero: ^2.0.2
    is-regex: ^1.1.4
    is-shared-array-buffer: ^1.0.2
    is-string: ^1.0.7
    is-typed-array: ^1.1.10
    is-weakref: ^1.0.2
    object-inspect: ^1.12.2
    object-keys: ^1.1.1
    object.assign: ^4.1.4
    regexp.prototype.flags: ^1.4.3
    safe-regex-test: ^1.0.0
    string.prototype.trimend: ^1.0.6
    string.prototype.trimstart: ^1.0.6
    typed-array-length: ^1.0.4
    unbox-primitive: ^1.0.2
    which-typed-array: ^1.1.9
  checksum: 23ff60d42d17a55d150e7bcedbdb065d4077a8b98c436e0e2e1ef4dd532a6d78a56028673de0bd8ed464a43c46ba781c50d9af429b6a17e44dbd14c7d7fb7926
  languageName: node
  linkType: hard

"es-array-method-boxes-properly@npm:^1.0.0":
  version: 1.0.0
  resolution: "es-array-method-boxes-properly@npm:1.0.0"
  checksum: 2537fcd1cecf187083890bc6f5236d3a26bf39237433587e5bf63392e88faae929dbba78ff0120681a3f6f81c23fe3816122982c160d63b38c95c830b633b826
  languageName: node
  linkType: hard

"es-set-tostringtag@npm:^2.0.1":
  version: 2.0.1
  resolution: "es-set-tostringtag@npm:2.0.1"
  dependencies:
    get-intrinsic: ^1.1.3
    has: ^1.0.3
    has-tostringtag: ^1.0.0
  checksum: ec416a12948cefb4b2a5932e62093a7cf36ddc3efd58d6c58ca7ae7064475ace556434b869b0bbeb0c365f1032a8ccd577211101234b69837ad83ad204fff884
  languageName: node
  linkType: hard

"es-to-primitive@npm:^1.2.1":
  version: 1.2.1
  resolution: "es-to-primitive@npm:1.2.1"
  dependencies:
    is-callable: ^1.1.4
    is-date-object: ^1.0.1
    is-symbol: ^1.0.2
  checksum: 4ead6671a2c1402619bdd77f3503991232ca15e17e46222b0a41a5d81aebc8740a77822f5b3c965008e631153e9ef0580540007744521e72de8e33599fca2eed
  languageName: node
  linkType: hard

"escape-string-regexp@npm:1.0.5, escape-string-regexp@npm:^1.0.5":
  version: 1.0.5
  resolution: "escape-string-regexp@npm:1.0.5"
  checksum: 6092fda75c63b110c706b6a9bfde8a612ad595b628f0bd2147eea1d3406723020810e591effc7db1da91d80a71a737a313567c5abb3813e8d9c71f4aa595b410
  languageName: node
  linkType: hard

"esprima@npm:^4.0.0":
  version: 4.0.1
  resolution: "esprima@npm:4.0.1"
  bin:
    esparse: ./bin/esparse.js
    esvalidate: ./bin/esvalidate.js
  checksum: b45bc805a613dbea2835278c306b91aff6173c8d034223fa81498c77dcbce3b2931bf6006db816f62eacd9fd4ea975dfd85a5b7f3c6402cfd050d4ca3c13a628
  languageName: node
  linkType: hard

"find-up@npm:3.0.0, find-up@npm:^3.0.0":
  version: 3.0.0
  resolution: "find-up@npm:3.0.0"
  dependencies:
    locate-path: ^3.0.0
  checksum: 38eba3fe7a66e4bc7f0f5a1366dc25508b7cfc349f852640e3678d26ad9a6d7e2c43eff0a472287de4a9753ef58f066a0ea892a256fa3636ad51b3fe1e17fae9
  languageName: node
  linkType: hard

"flat@npm:^4.1.0":
  version: 4.1.1
  resolution: "flat@npm:4.1.1"
  dependencies:
    is-buffer: ~2.0.3
  bin:
    flat: cli.js
  checksum: 398be12185eb0f3c59797c3670a8c35d07020b673363175676afbaf53d6b213660e060488554cf82c25504986e1a6059bdbcc5d562e87ca3e972e8a33148e3ae
  languageName: node
  linkType: hard

"for-each@npm:^0.3.3":
  version: 0.3.3
  resolution: "for-each@npm:0.3.3"
  dependencies:
    is-callable: ^1.1.3
  checksum: 6c48ff2bc63362319c65e2edca4a8e1e3483a2fabc72fbe7feaf8c73db94fc7861bd53bc02c8a66a0c1dd709da6b04eec42e0abdd6b40ce47305ae92a25e5d28
  languageName: node
  linkType: hard

"fs.realpath@npm:^1.0.0":
  version: 1.0.0
  resolution: "fs.realpath@npm:1.0.0"
  checksum: 99ddea01a7e75aa276c250a04eedeffe5662bce66c65c07164ad6264f9de18fb21be9433ead460e54cff20e31721c811f4fb5d70591799df5f85dce6d6746fd0
  languageName: node
  linkType: hard

"function-bind@npm:^1.1.1":
  version: 1.1.1
  resolution: "function-bind@npm:1.1.1"
  checksum: b32fbaebb3f8ec4969f033073b43f5c8befbb58f1a79e12f1d7490358150359ebd92f49e72ff0144f65f2c48ea2a605bff2d07965f548f6474fd8efd95bf361a
  languageName: node
  linkType: hard

"function.prototype.name@npm:^1.1.5":
  version: 1.1.5
  resolution: "function.prototype.name@npm:1.1.5"
  dependencies:
    call-bind: ^1.0.2
    define-properties: ^1.1.3
    es-abstract: ^1.19.0
    functions-have-names: ^1.2.2
  checksum: acd21d733a9b649c2c442f067567743214af5fa248dbeee69d8278ce7df3329ea5abac572be9f7470b4ec1cd4d8f1040e3c5caccf98ebf2bf861a0deab735c27
  languageName: node
  linkType: hard

"functions-have-names@npm:^1.2.2":
  version: 1.2.3
  resolution: "functions-have-names@npm:1.2.3"
  checksum: c3f1f5ba20f4e962efb71344ce0a40722163e85bee2101ce25f88214e78182d2d2476aa85ef37950c579eb6cf6ee811c17b3101bb84004bb75655f3e33f3fdb5
  languageName: node
  linkType: hard

"get-caller-file@npm:^2.0.1":
  version: 2.0.5
  resolution: "get-caller-file@npm:2.0.5"
  checksum: b9769a836d2a98c3ee734a88ba712e62703f1df31b94b784762c433c27a386dd6029ff55c2a920c392e33657d80191edbf18c61487e198844844516f843496b9
  languageName: node
  linkType: hard

"get-intrinsic@npm:^1.0.2, get-intrinsic@npm:^1.1.1, get-intrinsic@npm:^1.1.3, get-intrinsic@npm:^1.2.0":
  version: 1.2.0
  resolution: "get-intrinsic@npm:1.2.0"
  dependencies:
    function-bind: ^1.1.1
    has: ^1.0.3
    has-symbols: ^1.0.3
  checksum: 78fc0487b783f5c58cf2dccafc3ae656ee8d2d8062a8831ce4a95e7057af4587a1d4882246c033aca0a7b4965276f4802b45cc300338d1b77a73d3e3e3f4877d
  languageName: node
  linkType: hard

"get-symbol-description@npm:^1.0.0":
  version: 1.0.0
  resolution: "get-symbol-description@npm:1.0.0"
  dependencies:
    call-bind: ^1.0.2
    get-intrinsic: ^1.1.1
  checksum: 9ceff8fe968f9270a37a1f73bf3f1f7bda69ca80f4f80850670e0e7b9444ff99323f7ac52f96567f8b5f5fbe7ac717a0d81d3407c7313e82810c6199446a5247
  languageName: node
  linkType: hard

"glob@npm:7.1.3":
  version: 7.1.3
  resolution: "glob@npm:7.1.3"
  dependencies:
    fs.realpath: ^1.0.0
    inflight: ^1.0.4
    inherits: 2
    minimatch: ^3.0.4
    once: ^1.3.0
    path-is-absolute: ^1.0.0
  checksum: d72a834a393948d6c4a5cacc6a29fe5fe190e1cd134e55dfba09aee0be6fe15be343e96d8ec43558ab67ff8af28e4420c7f63a4d4db1c779e515015e9c318616
  languageName: node
  linkType: hard

"globalthis@npm:^1.0.3":
  version: 1.0.3
  resolution: "globalthis@npm:1.0.3"
  dependencies:
    define-properties: ^1.1.3
  checksum: fbd7d760dc464c886d0196166d92e5ffb4c84d0730846d6621a39fbbc068aeeb9c8d1421ad330e94b7bca4bb4ea092f5f21f3d36077812af5d098b4dc006c998
  languageName: node
  linkType: hard

"gopd@npm:^1.0.1":
  version: 1.0.1
  resolution: "gopd@npm:1.0.1"
  dependencies:
    get-intrinsic: ^1.1.3
  checksum: a5ccfb8806e0917a94e0b3de2af2ea4979c1da920bc381667c260e00e7cafdbe844e2cb9c5bcfef4e5412e8bf73bab837285bc35c7ba73aaaf0134d4583393a6
  languageName: node
  linkType: hard

"growl@npm:1.10.5":
  version: 1.10.5
  resolution: "growl@npm:1.10.5"
  checksum: 4b86685de6831cebcbb19f93870bea624afee61124b0a20c49017013987cd129e73a8c4baeca295728f41d21265e1f859d25ef36731b142ca59c655fea94bb1a
  languageName: node
  linkType: hard

"has-bigints@npm:^1.0.1, has-bigints@npm:^1.0.2":
  version: 1.0.2
  resolution: "has-bigints@npm:1.0.2"
  checksum: 390e31e7be7e5c6fe68b81babb73dfc35d413604d7ee5f56da101417027a4b4ce6a27e46eff97ad040c835b5d228676eae99a9b5c3bc0e23c8e81a49241ff45b
  languageName: node
  linkType: hard

"has-flag@npm:^3.0.0":
  version: 3.0.0
  resolution: "has-flag@npm:3.0.0"
  checksum: 4a15638b454bf086c8148979aae044dd6e39d63904cd452d970374fa6a87623423da485dfb814e7be882e05c096a7ccf1ebd48e7e7501d0208d8384ff4dea73b
  languageName: node
  linkType: hard

"has-property-descriptors@npm:^1.0.0":
  version: 1.0.0
  resolution: "has-property-descriptors@npm:1.0.0"
  dependencies:
    get-intrinsic: ^1.1.1
  checksum: a6d3f0a266d0294d972e354782e872e2fe1b6495b321e6ef678c9b7a06a40408a6891817350c62e752adced73a94ac903c54734fee05bf65b1905ee1368194bb
  languageName: node
  linkType: hard

"has-proto@npm:^1.0.1":
  version: 1.0.1
  resolution: "has-proto@npm:1.0.1"
  checksum: febc5b5b531de8022806ad7407935e2135f1cc9e64636c3916c6842bd7995994ca3b29871ecd7954bd35f9e2986c17b3b227880484d22259e2f8e6ce63fd383e
  languageName: node
  linkType: hard

"has-symbols@npm:^1.0.0, has-symbols@npm:^1.0.2, has-symbols@npm:^1.0.3":
  version: 1.0.3
  resolution: "has-symbols@npm:1.0.3"
  checksum: a054c40c631c0d5741a8285010a0777ea0c068f99ed43e5d6eb12972da223f8af553a455132fdb0801bdcfa0e0f443c0c03a68d8555aa529b3144b446c3f2410
  languageName: node
  linkType: hard

"has-tostringtag@npm:^1.0.0":
  version: 1.0.0
  resolution: "has-tostringtag@npm:1.0.0"
  dependencies:
    has-symbols: ^1.0.2
  checksum: cc12eb28cb6ae22369ebaad3a8ab0799ed61270991be88f208d508076a1e99abe4198c965935ce85ea90b60c94ddda73693b0920b58e7ead048b4a391b502c1c
  languageName: node
  linkType: hard

"has@npm:^1.0.3":
  version: 1.0.3
  resolution: "has@npm:1.0.3"
  dependencies:
    function-bind: ^1.1.1
  checksum: b9ad53d53be4af90ce5d1c38331e712522417d017d5ef1ebd0507e07c2fbad8686fffb8e12ddecd4c39ca9b9b47431afbb975b8abf7f3c3b82c98e9aad052792
  languageName: node
  linkType: hard

"he@npm:1.2.0":
  version: 1.2.0
  resolution: "he@npm:1.2.0"
  bin:
    he: bin/he
  checksum: 3d4d6babccccd79c5c5a3f929a68af33360d6445587d628087f39a965079d84f18ce9c3d3f917ee1e3978916fc833bb8b29377c3b403f919426f91bc6965e7a7
  languageName: node
  linkType: hard

"inflight@npm:^1.0.4":
  version: 1.0.6
  resolution: "inflight@npm:1.0.6"
  dependencies:
    once: ^1.3.0
    wrappy: 1
  checksum: f4f76aa072ce19fae87ce1ef7d221e709afb59d445e05d47fba710e85470923a75de35bfae47da6de1b18afc3ce83d70facf44cfb0aff89f0a3f45c0a0244dfd
  languageName: node
  linkType: hard

"inherits@npm:2":
  version: 2.0.4
  resolution: "inherits@npm:2.0.4"
  checksum: 4a48a733847879d6cf6691860a6b1e3f0f4754176e4d71494c41f3475553768b10f84b5ce1d40fbd0e34e6bfbb864ee35858ad4dd2cf31e02fc4a154b724d7f1
  languageName: node
  linkType: hard

"internal-slot@npm:^1.0.4":
  version: 1.0.5
  resolution: "internal-slot@npm:1.0.5"
  dependencies:
    get-intrinsic: ^1.2.0
    has: ^1.0.3
    side-channel: ^1.0.4
  checksum: 97e84046bf9e7574d0956bd98d7162313ce7057883b6db6c5c7b5e5f05688864b0978ba07610c726d15d66544ffe4b1050107d93f8a39ebc59b15d8b429b497a
  languageName: node
  linkType: hard

"is-array-buffer@npm:^3.0.1":
  version: 3.0.1
  resolution: "is-array-buffer@npm:3.0.1"
  dependencies:
    call-bind: ^1.0.2
    get-intrinsic: ^1.1.3
    is-typed-array: ^1.1.10
  checksum: f26ab87448e698285daf707e52a533920449f7abf63714140ffab9d5571aa5a71ac2fa2677e8b793ad0d5d3e40078d4d2c8a0ab39c957e3cfc6513bb6c9dfdc9
  languageName: node
  linkType: hard

"is-bigint@npm:^1.0.1":
  version: 1.0.4
  resolution: "is-bigint@npm:1.0.4"
  dependencies:
    has-bigints: ^1.0.1
  checksum: c56edfe09b1154f8668e53ebe8252b6f185ee852a50f9b41e8d921cb2bed425652049fbe438723f6cb48a63ca1aa051e948e7e401e093477c99c84eba244f666
  languageName: node
  linkType: hard

"is-boolean-object@npm:^1.1.0":
  version: 1.1.2
  resolution: "is-boolean-object@npm:1.1.2"
  dependencies:
    call-bind: ^1.0.2
    has-tostringtag: ^1.0.0
  checksum: c03b23dbaacadc18940defb12c1c0e3aaece7553ef58b162a0f6bba0c2a7e1551b59f365b91e00d2dbac0522392d576ef322628cb1d036a0fe51eb466db67222
  languageName: node
  linkType: hard

"is-buffer@npm:~2.0.3":
  version: 2.0.5
  resolution: "is-buffer@npm:2.0.5"
  checksum: 764c9ad8b523a9f5a32af29bdf772b08eb48c04d2ad0a7240916ac2688c983bf5f8504bf25b35e66240edeb9d9085461f9b5dae1f3d2861c6b06a65fe983de42
  languageName: node
  linkType: hard

"is-callable@npm:^1.1.3, is-callable@npm:^1.1.4, is-callable@npm:^1.2.7":
  version: 1.2.7
  resolution: "is-callable@npm:1.2.7"
  checksum: 61fd57d03b0d984e2ed3720fb1c7a897827ea174bd44402878e059542ea8c4aeedee0ea0985998aa5cc2736b2fa6e271c08587addb5b3959ac52cf665173d1ac
  languageName: node
  linkType: hard

"is-date-object@npm:^1.0.1":
  version: 1.0.5
  resolution: "is-date-object@npm:1.0.5"
  dependencies:
    has-tostringtag: ^1.0.0
  checksum: baa9077cdf15eb7b58c79398604ca57379b2fc4cf9aa7a9b9e295278648f628c9b201400c01c5e0f7afae56507d741185730307cbe7cad3b9f90a77e5ee342fc
  languageName: node
  linkType: hard

"is-fullwidth-code-point@npm:^2.0.0":
  version: 2.0.0
  resolution: "is-fullwidth-code-point@npm:2.0.0"
  checksum: eef9c6e15f68085fec19ff6a978a6f1b8f48018fd1265035552078ee945573594933b09bbd6f562553e2a241561439f1ef5339276eba68d272001343084cfab8
  languageName: node
  linkType: hard

"is-negative-zero@npm:^2.0.2":
  version: 2.0.2
  resolution: "is-negative-zero@npm:2.0.2"
  checksum: f3232194c47a549da60c3d509c9a09be442507616b69454716692e37ae9f37c4dea264fb208ad0c9f3efd15a796a46b79df07c7e53c6227c32170608b809149a
  languageName: node
  linkType: hard

"is-number-object@npm:^1.0.4":
  version: 1.0.7
  resolution: "is-number-object@npm:1.0.7"
  dependencies:
    has-tostringtag: ^1.0.0
  checksum: d1e8d01bb0a7134c74649c4e62da0c6118a0bfc6771ea3c560914d52a627873e6920dd0fd0ebc0e12ad2ff4687eac4c308f7e80320b973b2c8a2c8f97a7524f7
  languageName: node
  linkType: hard

"is-regex@npm:^1.1.4":
  version: 1.1.4
  resolution: "is-regex@npm:1.1.4"
  dependencies:
    call-bind: ^1.0.2
    has-tostringtag: ^1.0.0
  checksum: 362399b33535bc8f386d96c45c9feb04cf7f8b41c182f54174c1a45c9abbbe5e31290bbad09a458583ff6bf3b2048672cdb1881b13289569a7c548370856a652
  languageName: node
  linkType: hard

"is-shared-array-buffer@npm:^1.0.2":
  version: 1.0.2
  resolution: "is-shared-array-buffer@npm:1.0.2"
  dependencies:
    call-bind: ^1.0.2
  checksum: 9508929cf14fdc1afc9d61d723c6e8d34f5e117f0bffda4d97e7a5d88c3a8681f633a74f8e3ad1fe92d5113f9b921dc5ca44356492079612f9a247efbce7032a
  languageName: node
  linkType: hard

"is-string@npm:^1.0.5, is-string@npm:^1.0.7":
  version: 1.0.7
  resolution: "is-string@npm:1.0.7"
  dependencies:
    has-tostringtag: ^1.0.0
  checksum: 323b3d04622f78d45077cf89aab783b2f49d24dc641aa89b5ad1a72114cfeff2585efc8c12ef42466dff32bde93d839ad321b26884cf75e5a7892a938b089989
  languageName: node
  linkType: hard

"is-symbol@npm:^1.0.2, is-symbol@npm:^1.0.3":
  version: 1.0.4
  resolution: "is-symbol@npm:1.0.4"
  dependencies:
    has-symbols: ^1.0.2
  checksum: 92805812ef590738d9de49d677cd17dfd486794773fb6fa0032d16452af46e9b91bb43ffe82c983570f015b37136f4b53b28b8523bfb10b0ece7a66c31a54510
  languageName: node
  linkType: hard

"is-typed-array@npm:^1.1.10, is-typed-array@npm:^1.1.9":
  version: 1.1.10
  resolution: "is-typed-array@npm:1.1.10"
  dependencies:
    available-typed-arrays: ^1.0.5
    call-bind: ^1.0.2
    for-each: ^0.3.3
    gopd: ^1.0.1
    has-tostringtag: ^1.0.0
  checksum: aac6ecb59d4c56a1cdeb69b1f129154ef462bbffe434cb8a8235ca89b42f258b7ae94073c41b3cb7bce37f6a1733ad4499f07882d5d5093a7ba84dfc4ebb8017
  languageName: node
  linkType: hard

"is-weakref@npm:^1.0.2":
  version: 1.0.2
  resolution: "is-weakref@npm:1.0.2"
  dependencies:
    call-bind: ^1.0.2
  checksum: 95bd9a57cdcb58c63b1c401c60a474b0f45b94719c30f548c891860f051bc2231575c290a6b420c6bc6e7ed99459d424c652bd5bf9a1d5259505dc35b4bf83de
  languageName: node
  linkType: hard

"isexe@npm:^2.0.0":
  version: 2.0.0
  resolution: "isexe@npm:2.0.0"
  checksum: 26bf6c5480dda5161c820c5b5c751ae1e766c587b1f951ea3fcfc973bafb7831ae5b54a31a69bd670220e42e99ec154475025a468eae58ea262f813fdc8d1c62
  languageName: node
  linkType: hard

"jquery@npm:^3.5.1":
  version: 3.6.3
  resolution: "jquery@npm:3.6.3"
  checksum: 0fd366bdcaa0c84a7a8751ce20f8192290141913978b5059574426d9b01f4365daa675f95aab3eec94fd794d27b08d32078a2236bef404b8ba78073009988ce6
  languageName: node
  linkType: hard

"js-yaml@npm:3.13.1":
  version: 3.13.1
  resolution: "js-yaml@npm:3.13.1"
  dependencies:
    argparse: ^1.0.7
    esprima: ^4.0.0
  bin:
    js-yaml: bin/js-yaml.js
  checksum: 7511b764abb66d8aa963379f7d2a404f078457d106552d05a7b556d204f7932384e8477513c124749fa2de52eb328961834562bd09924902c6432e40daa408bc
  languageName: node
  linkType: hard

"locate-path@npm:^3.0.0":
  version: 3.0.0
  resolution: "locate-path@npm:3.0.0"
  dependencies:
    p-locate: ^3.0.0
    path-exists: ^3.0.0
  checksum: 53db3996672f21f8b0bf2a2c645ae2c13ffdae1eeecfcd399a583bce8516c0b88dcb4222ca6efbbbeb6949df7e46860895be2c02e8d3219abd373ace3bfb4e11
  languageName: node
  linkType: hard

"lodash@npm:^4.17.15":
  version: 4.17.21
  resolution: "lodash@npm:4.17.21"
  checksum: eb835a2e51d381e561e508ce932ea50a8e5a68f4ebdd771ea240d3048244a8d13658acbd502cd4829768c56f2e16bdd4340b9ea141297d472517b83868e677f7
  languageName: node
  linkType: hard

"log-symbols@npm:2.2.0":
  version: 2.2.0
  resolution: "log-symbols@npm:2.2.0"
  dependencies:
    chalk: ^2.0.1
  checksum: 4c95e3b65f0352dbe91dc4989c10baf7a44e2ef5b0db7e6721e1476268e2b6f7090c3aa880d4f833a05c5c3ff18f4ec5215a09bd0099986d64a8186cfeb48ac8
  languageName: node
  linkType: hard

"minimatch@npm:3.0.4":
  version: 3.0.4
  resolution: "minimatch@npm:3.0.4"
  dependencies:
    brace-expansion: ^1.1.7
  checksum: 66ac295f8a7b59788000ea3749938b0970344c841750abd96694f80269b926ebcafad3deeb3f1da2522978b119e6ae3a5869b63b13a7859a456b3408bd18a078
  languageName: node
  linkType: hard

"minimatch@npm:^3.0.4":
  version: 3.1.2
  resolution: "minimatch@npm:3.1.2"
  dependencies:
    brace-expansion: ^1.1.7
  checksum: c154e566406683e7bcb746e000b84d74465b3a832c45d59912b9b55cd50dee66e5c4b1e5566dba26154040e51672f9aa450a9aef0c97cfc7336b78b7afb9540a
  languageName: node
  linkType: hard

"minimist@npm:^1.2.5":
  version: 1.2.8
  resolution: "minimist@npm:1.2.8"
  checksum: 75a6d645fb122dad29c06a7597bddea977258957ed88d7a6df59b5cd3fe4a527e253e9bbf2e783e4b73657f9098b96a5fe96ab8a113655d4109108577ecf85b0
  languageName: node
  linkType: hard

"mkdirp@npm:0.5.4":
  version: 0.5.4
  resolution: "mkdirp@npm:0.5.4"
  dependencies:
    minimist: ^1.2.5
  bin:
    mkdirp: bin/cmd.js
  checksum: c71e931374b2776f7b8208cf9a5175363d6d32feb20e90b7955c412a30bc6344c293169da824f6b63e000923b453f12132149216faffa087209ac2c1d1f423f1
  languageName: node
  linkType: hard

"mocha@npm:^6.2.3":
  version: 6.2.3
  resolution: "mocha@npm:6.2.3"
  dependencies:
    ansi-colors: 3.2.3
    browser-stdout: 1.3.1
    debug: 3.2.6
    diff: 3.5.0
    escape-string-regexp: 1.0.5
    find-up: 3.0.0
    glob: 7.1.3
    growl: 1.10.5
    he: 1.2.0
    js-yaml: 3.13.1
    log-symbols: 2.2.0
    minimatch: 3.0.4
    mkdirp: 0.5.4
    ms: 2.1.1
    node-environment-flags: 1.0.5
    object.assign: 4.1.0
    strip-json-comments: 2.0.1
    supports-color: 6.0.0
    which: 1.3.1
    wide-align: 1.1.3
    yargs: 13.3.2
    yargs-parser: 13.1.2
    yargs-unparser: 1.6.0
  bin:
    _mocha: bin/_mocha
    mocha: bin/mocha
  checksum: c069edeffb4bfd0cdfbe21d11c2f93e44ab75440d6b4b20fe9d357e0eb92c4e921fb38175093d3242a9577155eece4c337d0aae5b3ffc3d65959ea01c3d552a6
  languageName: node
  linkType: hard

"ms@npm:2.1.1":
  version: 2.1.1
  resolution: "ms@npm:2.1.1"
  checksum: 0078a23cd916a9a7435c413caa14c57d4b4f6e2470e0ab554b6964163c8a4436448ac7ae020e883685475da6b6796cc396b670f579cb275db288a21e3e57721e
  languageName: node
  linkType: hard

"ms@npm:^2.1.1":
  version: 2.1.3
  resolution: "ms@npm:2.1.3"
  checksum: aa92de608021b242401676e35cfa5aa42dd70cbdc082b916da7fb925c542173e36bce97ea3e804923fe92c0ad991434e4a38327e15a1b5b5f945d66df615ae6d
  languageName: node
  linkType: hard

"node-environment-flags@npm:1.0.5":
  version: 1.0.5
  resolution: "node-environment-flags@npm:1.0.5"
  dependencies:
    object.getownpropertydescriptors: ^2.0.3
    semver: ^5.7.0
  checksum: 8c7ea6b693ca83cf5dc2d23660bfdb8bb06c2b7c0ce9226774ba9cd2d370d6977ca004577dcb9df6bd334f22ef9ab0882fb7e4e7fb0645ccd27967d7d93a62cd
  languageName: node
  linkType: hard

"object-inspect@npm:^1.12.2, object-inspect@npm:^1.9.0":
  version: 1.12.3
  resolution: "object-inspect@npm:1.12.3"
  checksum: dabfd824d97a5f407e6d5d24810d888859f6be394d8b733a77442b277e0808860555176719c5905e765e3743a7cada6b8b0a3b85e5331c530fd418cc8ae991db
  languageName: node
  linkType: hard

"object-keys@npm:^1.0.11, object-keys@npm:^1.1.1":
  version: 1.1.1
  resolution: "object-keys@npm:1.1.1"
  checksum: b363c5e7644b1e1b04aa507e88dcb8e3a2f52b6ffd0ea801e4c7a62d5aa559affe21c55a07fd4b1fd55fc03a33c610d73426664b20032405d7b92a1414c34d6a
  languageName: node
  linkType: hard

"object.assign@npm:4.1.0":
  version: 4.1.0
  resolution: "object.assign@npm:4.1.0"
  dependencies:
    define-properties: ^1.1.2
    function-bind: ^1.1.1
    has-symbols: ^1.0.0
    object-keys: ^1.0.11
  checksum: 648a9a463580bf48332d9a49a76fede2660ab1ee7104d9459b8a240562246da790b4151c3c073f28fda31c1fdc555d25a1d871e72be403e997e4468c91f4801f
  languageName: node
  linkType: hard

"object.assign@npm:^4.1.4":
  version: 4.1.4
  resolution: "object.assign@npm:4.1.4"
  dependencies:
    call-bind: ^1.0.2
    define-properties: ^1.1.4
    has-symbols: ^1.0.3
    object-keys: ^1.1.1
  checksum: 76cab513a5999acbfe0ff355f15a6a125e71805fcf53de4e9d4e082e1989bdb81d1e329291e1e4e0ae7719f0e4ef80e88fb2d367ae60500d79d25a6224ac8864
  languageName: node
  linkType: hard

"object.getownpropertydescriptors@npm:^2.0.3":
  version: 2.1.5
  resolution: "object.getownpropertydescriptors@npm:2.1.5"
  dependencies:
    array.prototype.reduce: ^1.0.5
    call-bind: ^1.0.2
    define-properties: ^1.1.4
    es-abstract: ^1.20.4
  checksum: 7883e1aac1f9cd4cd85e2bb8c7aab6a60940a7cfe07b788356f301844d4967482fc81058e7bda24e1b3909cbb4879387ea9407329b78704f8937bc0b97dec58b
  languageName: node
  linkType: hard

"once@npm:^1.3.0":
  version: 1.4.0
  resolution: "once@npm:1.4.0"
  dependencies:
    wrappy: 1
  checksum: cd0a88501333edd640d95f0d2700fbde6bff20b3d4d9bdc521bdd31af0656b5706570d6c6afe532045a20bb8dc0849f8332d6f2a416e0ba6d3d3b98806c7db68
  languageName: node
  linkType: hard

"p-limit@npm:^2.0.0":
  version: 2.3.0
  resolution: "p-limit@npm:2.3.0"
  dependencies:
    p-try: ^2.0.0
  checksum: 84ff17f1a38126c3314e91ecfe56aecbf36430940e2873dadaa773ffe072dc23b7af8e46d4b6485d302a11673fe94c6b67ca2cfbb60c989848b02100d0594ac1
  languageName: node
  linkType: hard

"p-locate@npm:^3.0.0":
  version: 3.0.0
  resolution: "p-locate@npm:3.0.0"
  dependencies:
    p-limit: ^2.0.0
  checksum: 83991734a9854a05fe9dbb29f707ea8a0599391f52daac32b86f08e21415e857ffa60f0e120bfe7ce0cc4faf9274a50239c7895fc0d0579d08411e513b83a4ae
  languageName: node
  linkType: hard

"p-try@npm:^2.0.0":
  version: 2.2.0
  resolution: "p-try@npm:2.2.0"
  checksum: f8a8e9a7693659383f06aec604ad5ead237c7a261c18048a6e1b5b85a5f8a067e469aa24f5bc009b991ea3b058a87f5065ef4176793a200d4917349881216cae
  languageName: node
  linkType: hard

"path-exists@npm:^3.0.0":
  version: 3.0.0
  resolution: "path-exists@npm:3.0.0"
  checksum: 96e92643aa34b4b28d0de1cd2eba52a1c5313a90c6542d03f62750d82480e20bfa62bc865d5cfc6165f5fcd5aeb0851043c40a39be5989646f223300021bae0a
  languageName: node
  linkType: hard

"path-is-absolute@npm:^1.0.0":
  version: 1.0.1
  resolution: "path-is-absolute@npm:1.0.1"
  checksum: 060840f92cf8effa293bcc1bea81281bd7d363731d214cbe5c227df207c34cd727430f70c6037b5159c8a870b9157cba65e775446b0ab06fd5ecc7e54615a3b8
  languageName: node
  linkType: hard

"regexp.prototype.flags@npm:^1.4.3":
  version: 1.4.3
  resolution: "regexp.prototype.flags@npm:1.4.3"
  dependencies:
    call-bind: ^1.0.2
    define-properties: ^1.1.3
    functions-have-names: ^1.2.2
  checksum: 51228bae732592adb3ededd5e15426be25f289e9c4ef15212f4da73f4ec3919b6140806374b8894036a86020d054a8d2657d3fee6bb9b4d35d8939c20030b7a6
  languageName: node
  linkType: hard

"require-directory@npm:^2.1.1":
  version: 2.1.1
  resolution: "require-directory@npm:2.1.1"
  checksum: fb47e70bf0001fdeabdc0429d431863e9475e7e43ea5f94ad86503d918423c1543361cc5166d713eaa7029dd7a3d34775af04764bebff99ef413111a5af18c80
  languageName: node
  linkType: hard

"require-main-filename@npm:^2.0.0":
  version: 2.0.0
  resolution: "require-main-filename@npm:2.0.0"
  checksum: e9e294695fea08b076457e9ddff854e81bffbe248ed34c1eec348b7abbd22a0d02e8d75506559e2265e96978f3c4720bd77a6dad84755de8162b357eb6c778c7
  languageName: node
  linkType: hard

"safe-regex-test@npm:^1.0.0":
  version: 1.0.0
  resolution: "safe-regex-test@npm:1.0.0"
  dependencies:
    call-bind: ^1.0.2
    get-intrinsic: ^1.1.3
    is-regex: ^1.1.4
  checksum: bc566d8beb8b43c01b94e67de3f070fd2781685e835959bbbaaec91cc53381145ca91f69bd837ce6ec244817afa0a5e974fc4e40a2957f0aca68ac3add1ddd34
  languageName: node
  linkType: hard

"semver@npm:^5.7.0":
  version: 5.7.1
  resolution: "semver@npm:5.7.1"
  bin:
    semver: ./bin/semver
  checksum: 57fd0acfd0bac382ee87cd52cd0aaa5af086a7dc8d60379dfe65fea491fb2489b6016400813930ecd61fd0952dae75c115287a1b16c234b1550887117744dfaf
  languageName: node
  linkType: hard

"set-blocking@npm:^2.0.0":
  version: 2.0.0
  resolution: "set-blocking@npm:2.0.0"
  checksum: 6e65a05f7cf7ebdf8b7c75b101e18c0b7e3dff4940d480efed8aad3a36a4005140b660fa1d804cb8bce911cac290441dc728084a30504d3516ac2ff7ad607b02
  languageName: node
  linkType: hard

"should-equal@npm:^2.0.0":
  version: 2.0.0
  resolution: "should-equal@npm:2.0.0"
  dependencies:
    should-type: ^1.4.0
  checksum: 3f3580a223bf76f9309a4d957d2dcbd6059bda816f2e6656e822b7518218ef653c25e9271b2f5765ca6f5a72a217105ad343a8ceea831d15aff44dd691cc1dcd
  languageName: node
  linkType: hard

"should-format@npm:^3.0.3":
  version: 3.0.3
  resolution: "should-format@npm:3.0.3"
  dependencies:
    should-type: ^1.3.0
    should-type-adaptors: ^1.0.1
  checksum: 5304e89b4d4c42078c7f66232d13cca1d6a1c00c173f500f64160f57d4ecd7522a25106b313fe8f8694547e8a1ce4d975f1f09a3d1618f1dc054db48c0683d87
  languageName: node
  linkType: hard

"should-type-adaptors@npm:^1.0.1":
  version: 1.1.0
  resolution: "should-type-adaptors@npm:1.1.0"
  dependencies:
    should-type: ^1.3.0
    should-util: ^1.0.0
  checksum: 94dd1d225c8f2590278f46689258a1df684ca1f26262459c4e2d64a09d06935ec1410a24fe7b5f98b9429093e48afef2ed1b370634e0444b930547df4943f70d
  languageName: node
  linkType: hard

"should-type@npm:^1.3.0, should-type@npm:^1.4.0":
  version: 1.4.0
  resolution: "should-type@npm:1.4.0"
  checksum: 88d9324c6c0c2f94e71d2f8b11c84e44de81f16eeb6fafcba47f4af430c65e46bad18eb472827526cad22b4fe693aba8b022739d1c453672faf28860df223491
  languageName: node
  linkType: hard

"should-util@npm:^1.0.0":
  version: 1.0.1
  resolution: "should-util@npm:1.0.1"
  checksum: c3be15e0fdc851f8338676b3f8b590d330bbea94ec41c1343cc9983dea295915073f69a215795454b6adda6579ec8927c7c0ab178b83f9f11a0247ccdba53381
  languageName: node
  linkType: hard

"should@npm:^13.2.3":
  version: 13.2.3
  resolution: "should@npm:13.2.3"
  dependencies:
    should-equal: ^2.0.0
    should-format: ^3.0.3
    should-type: ^1.4.0
    should-type-adaptors: ^1.0.1
    should-util: ^1.0.0
  checksum: 74bcc0eb85e0a63a88e501ff9ca3b53dbc6d1ee47823c029a18a4b14b3ef4e2561733e161033df720599d2153283470e9647fdcb1bbc78903960ffb0363239c4
  languageName: node
  linkType: hard

"side-channel@npm:^1.0.4":
  version: 1.0.4
  resolution: "side-channel@npm:1.0.4"
  dependencies:
    call-bind: ^1.0.0
    get-intrinsic: ^1.0.2
    object-inspect: ^1.9.0
  checksum: 351e41b947079c10bd0858364f32bb3a7379514c399edb64ab3dce683933483fc63fb5e4efe0a15a2e8a7e3c436b6a91736ddb8d8c6591b0460a24bb4a1ee245
  languageName: node
  linkType: hard

"sprintf-js@npm:~1.0.2":
  version: 1.0.3
  resolution: "sprintf-js@npm:1.0.3"
  checksum: 19d79aec211f09b99ec3099b5b2ae2f6e9cdefe50bc91ac4c69144b6d3928a640bb6ae5b3def70c2e85a2c3d9f5ec2719921e3a59d3ca3ef4b2fd1a4656a0df3
  languageName: node
  linkType: hard

"string-width@npm:^1.0.2 || 2":
  version: 2.1.1
  resolution: "string-width@npm:2.1.1"
  dependencies:
    is-fullwidth-code-point: ^2.0.0
    strip-ansi: ^4.0.0
  checksum: d6173abe088c615c8dffaf3861dc5d5906ed3dc2d6fd67ff2bd2e2b5dce7fd683c5240699cf0b1b8aa679a3b3bd6b28b5053c824cb89b813d7f6541d8f89064a
  languageName: node
  linkType: hard

"string-width@npm:^3.0.0, string-width@npm:^3.1.0":
  version: 3.1.0
  resolution: "string-width@npm:3.1.0"
  dependencies:
    emoji-regex: ^7.0.1
    is-fullwidth-code-point: ^2.0.0
    strip-ansi: ^5.1.0
  checksum: 57f7ca73d201682816d573dc68bd4bb8e1dff8dc9fcf10470fdfc3474135c97175fec12ea6a159e67339b41e86963112355b64529489af6e7e70f94a7caf08b2
  languageName: node
  linkType: hard

"string.prototype.trimend@npm:^1.0.6":
  version: 1.0.6
  resolution: "string.prototype.trimend@npm:1.0.6"
  dependencies:
    call-bind: ^1.0.2
    define-properties: ^1.1.4
    es-abstract: ^1.20.4
  checksum: 0fdc34645a639bd35179b5a08227a353b88dc089adf438f46be8a7c197fc3f22f8514c1c9be4629b3cd29c281582730a8cbbad6466c60f76b5f99cf2addb132e
  languageName: node
  linkType: hard

"string.prototype.trimstart@npm:^1.0.6":
  version: 1.0.6
  resolution: "string.prototype.trimstart@npm:1.0.6"
  dependencies:
    call-bind: ^1.0.2
    define-properties: ^1.1.4
    es-abstract: ^1.20.4
  checksum: 89080feef416621e6ef1279588994305477a7a91648d9436490d56010a1f7adc39167cddac7ce0b9884b8cdbef086987c4dcb2960209f2af8bac0d23ceff4f41
  languageName: node
  linkType: hard

"strip-ansi@npm:^4.0.0":
  version: 4.0.0
  resolution: "strip-ansi@npm:4.0.0"
  dependencies:
    ansi-regex: ^3.0.0
  checksum: d9186e6c0cf78f25274f6750ee5e4a5725fb91b70fdd79aa5fe648eab092a0ec5b9621b22d69d4534a56319f75d8944efbd84e3afa8d4ad1b9a9491f12c84eca
  languageName: node
  linkType: hard

"strip-ansi@npm:^5.0.0, strip-ansi@npm:^5.1.0, strip-ansi@npm:^5.2.0":
  version: 5.2.0
  resolution: "strip-ansi@npm:5.2.0"
  dependencies:
    ansi-regex: ^4.1.0
  checksum: bdb5f76ade97062bd88e7723aa019adbfacdcba42223b19ccb528ffb9fb0b89a5be442c663c4a3fb25268eaa3f6ea19c7c3fbae830bd1562d55adccae1fcec46
  languageName: node
  linkType: hard

"strip-json-comments@npm:2.0.1":
  version: 2.0.1
  resolution: "strip-json-comments@npm:2.0.1"
  checksum: 1074ccb63270d32ca28edfb0a281c96b94dc679077828135141f27d52a5a398ef5e78bcf22809d23cadc2b81dfbe345eb5fd8699b385c8b1128907dec4a7d1e1
  languageName: node
  linkType: hard

"supports-color@npm:6.0.0":
  version: 6.0.0
  resolution: "supports-color@npm:6.0.0"
  dependencies:
    has-flag: ^3.0.0
  checksum: 005b4a7e5d78a9a703454f5b7da34336b82825747724d1f3eefea6c3956afcb33b79b31854a93cef0fc1f2449919ae952f79abbfd09a5b5b43ecd26407d3a3a1
  languageName: node
  linkType: hard

"supports-color@npm:^5.3.0":
  version: 5.5.0
  resolution: "supports-color@npm:5.5.0"
  dependencies:
    has-flag: ^3.0.0
  checksum: 95f6f4ba5afdf92f495b5a912d4abee8dcba766ae719b975c56c084f5004845f6f5a5f7769f52d53f40e21952a6d87411bafe34af4a01e65f9926002e38e1dac
  languageName: node
  linkType: hard

"typed-array-length@npm:^1.0.4":
  version: 1.0.4
  resolution: "typed-array-length@npm:1.0.4"
  dependencies:
    call-bind: ^1.0.2
    for-each: ^0.3.3
    is-typed-array: ^1.1.9
  checksum: 2228febc93c7feff142b8c96a58d4a0d7623ecde6c7a24b2b98eb3170e99f7c7eff8c114f9b283085cd59dcd2bd43aadf20e25bba4b034a53c5bb292f71f8956
  languageName: node
  linkType: hard

"unbox-primitive@npm:^1.0.2":
  version: 1.0.2
  resolution: "unbox-primitive@npm:1.0.2"
  dependencies:
    call-bind: ^1.0.2
    has-bigints: ^1.0.2
    has-symbols: ^1.0.3
    which-boxed-primitive: ^1.0.2
  checksum: b7a1cf5862b5e4b5deb091672ffa579aa274f648410009c81cca63fed3b62b610c4f3b773f912ce545bb4e31edc3138975b5bc777fc6e4817dca51affb6380e9
  languageName: node
  linkType: hard

"which-boxed-primitive@npm:^1.0.2":
  version: 1.0.2
  resolution: "which-boxed-primitive@npm:1.0.2"
  dependencies:
    is-bigint: ^1.0.1
    is-boolean-object: ^1.1.0
    is-number-object: ^1.0.4
    is-string: ^1.0.5
    is-symbol: ^1.0.3
  checksum: 53ce774c7379071729533922adcca47220228405e1895f26673bbd71bdf7fb09bee38c1d6399395927c6289476b5ae0629863427fd151491b71c4b6cb04f3a5e
  languageName: node
  linkType: hard

"which-module@npm:^2.0.0":
  version: 2.0.0
  resolution: "which-module@npm:2.0.0"
  checksum: 809f7fd3dfcb2cdbe0180b60d68100c88785084f8f9492b0998c051d7a8efe56784492609d3f09ac161635b78ea29219eb1418a98c15ce87d085bce905705c9c
  languageName: node
  linkType: hard

"which-typed-array@npm:^1.1.9":
  version: 1.1.9
  resolution: "which-typed-array@npm:1.1.9"
  dependencies:
    available-typed-arrays: ^1.0.5
    call-bind: ^1.0.2
    for-each: ^0.3.3
    gopd: ^1.0.1
    has-tostringtag: ^1.0.0
    is-typed-array: ^1.1.10
  checksum: fe0178ca44c57699ca2c0e657b64eaa8d2db2372a4e2851184f568f98c478ae3dc3fdb5f7e46c384487046b0cf9e23241423242b277e03e8ba3dabc7c84c98ef
  languageName: node
  linkType: hard

"which@npm:1.3.1":
  version: 1.3.1
  resolution: "which@npm:1.3.1"
  dependencies:
    isexe: ^2.0.0
  bin:
    which: ./bin/which
  checksum: f2e185c6242244b8426c9df1510e86629192d93c1a986a7d2a591f2c24869e7ffd03d6dac07ca863b2e4c06f59a4cc9916c585b72ee9fa1aa609d0124df15e04
  languageName: node
  linkType: hard

"wide-align@npm:1.1.3":
  version: 1.1.3
  resolution: "wide-align@npm:1.1.3"
  dependencies:
    string-width: ^1.0.2 || 2
  checksum: d09c8012652a9e6cab3e82338d1874a4d7db2ad1bd19ab43eb744acf0b9b5632ec406bdbbbb970a8f4771a7d5ef49824d038ba70aa884e7723f5b090ab87134d
  languageName: node
  linkType: hard

"wrap-ansi@npm:^5.1.0":
  version: 5.1.0
  resolution: "wrap-ansi@npm:5.1.0"
  dependencies:
    ansi-styles: ^3.2.0
    string-width: ^3.0.0
    strip-ansi: ^5.0.0
  checksum: 9b48c862220e541eb0daa22661b38b947973fc57054e91be5b0f2dcc77741a6875ccab4ebe970a394b4682c8dfc17e888266a105fb8b0a9b23c19245e781ceae
  languageName: node
  linkType: hard

"wrappy@npm:1":
  version: 1.0.2
  resolution: "wrappy@npm:1.0.2"
  checksum: 159da4805f7e84a3d003d8841557196034155008f817172d4e986bd591f74aa82aa7db55929a54222309e01079a65a92a9e6414da5a6aa4b01ee44a511ac3ee5
  languageName: node
  linkType: hard

"y18n@npm:^4.0.0":
  version: 4.0.3
  resolution: "y18n@npm:4.0.3"
  checksum: 014dfcd9b5f4105c3bb397c1c8c6429a9df004aa560964fb36732bfb999bfe83d45ae40aeda5b55d21b1ee53d8291580a32a756a443e064317953f08025b1aa4
  languageName: node
  linkType: hard

"yargs-parser@npm:13.1.2, yargs-parser@npm:^13.1.2":
  version: 13.1.2
  resolution: "yargs-parser@npm:13.1.2"
  dependencies:
    camelcase: ^5.0.0
    decamelize: ^1.2.0
  checksum: c8bb6f44d39a4acd94462e96d4e85469df865de6f4326e0ab1ac23ae4a835e5dd2ddfe588317ebf80c3a7e37e741bd5cb0dc8d92bcc5812baefb7df7c885e86b
  languageName: node
  linkType: hard

"yargs-unparser@npm:1.6.0":
  version: 1.6.0
  resolution: "yargs-unparser@npm:1.6.0"
  dependencies:
    flat: ^4.1.0
    lodash: ^4.17.15
    yargs: ^13.3.0
  checksum: ca662bb94af53d816d47f2162f0a1d135783f09de9fd47645a5cb18dd25532b0b710432b680d2c065ff45de122ba4a96433c41595fa7bfcc08eb12e889db95c1
  languageName: node
  linkType: hard

"yargs@npm:13.3.2, yargs@npm:^13.3.0":
  version: 13.3.2
  resolution: "yargs@npm:13.3.2"
  dependencies:
    cliui: ^5.0.0
    find-up: ^3.0.0
    get-caller-file: ^2.0.1
    require-directory: ^2.1.1
    require-main-filename: ^2.0.0
    set-blocking: ^2.0.0
    string-width: ^3.0.0
    which-module: ^2.0.0
    y18n: ^4.0.0
    yargs-parser: ^13.1.2
  checksum: 75c13e837eb2bb25717957ba58d277e864efc0cca7f945c98bdf6477e6ec2f9be6afa9ed8a876b251a21423500c148d7b91e88dee7adea6029bdec97af1ef3e8
  languageName: node
  linkType: hard
